
Microsoft Visual Studio Solution File, Format Version 12.00
# Visual Studio Version 16
VisualStudioVersion = 16.0.30309.148
MinimumVisualStudioVersion = 10.0.40219.1
Project("{9A19103F-16F7-4668-BE54-9A1E7A4F7556}") = "Adt", "Adt\Adt.csproj", "{3A4BDA39-AADA-4746-AE19-883C6449308A}"
EndProject
Project("{9A19103F-16F7-4668-BE54-9A1E7A4F7556}") = "AppApp", "AppApp\AppApp.csproj", "{9EF6669B-20D0-4686-A924-B5547E524CA5}"
EndProject
Project("{FAE04EC0-301F-11D3-BF4B-00C04F79EFBC}") = "Arboll.Test", "Arboll.Test\Arboll.Test.csproj", "{41FB3C98-FEDA-4794-9D90-F858A35FDFCE}"
EndProject
Global
	GlobalSection(SolutionConfigurationPlatforms) = preSolution
		Debug|Any CPU = Debug|Any CPU
		Release|Any CPU = Release|Any CPU
	EndGlobalSection
	GlobalSection(ProjectConfigurationPlatforms) = postSolution
		{3A4BDA39-AADA-4746-AE19-883C6449308A}.Debug|Any CPU.ActiveCfg = Debug|Any CPU
		{3A4BDA39-AADA-4746-AE19-883C6449308A}.Debug|Any CPU.Build.0 = Debug|Any CPU
		{3A4BDA39-AADA-4746-AE19-883C6449308A}.Release|Any CPU.ActiveCfg = Release|Any CPU
		{3A4BDA39-AADA-4746-AE19-883C6449308A}.Release|Any CPU.Build.0 = Release|Any CPU
		{9EF6669B-20D0-4686-A924-B5547E524CA5}.Debug|Any CPU.ActiveCfg = Debug|Any CPU
		{9EF6669B-20D0-4686-A924-B5547E524CA5}.Debug|Any CPU.Build.0 = Debug|Any CPU
		{9EF6669B-20D0-4686-A924-B5547E524CA5}.Release|Any CPU.ActiveCfg = Release|Any CPU
		{9EF6669B-20D0-4686-A924-B5547E524CA5}.Release|Any CPU.Build.0 = Release|Any CPU
		{41FB3C98-FEDA-4794-9D90-F858A35FDFCE}.Debug|Any CPU.ActiveCfg = Debug|Any CPU
		{41FB3C98-FEDA-4794-9D90-F858A35FDFCE}.Debug|Any CPU.Build.0 = Debug|Any CPU
		{41FB3C98-FEDA-4794-9D90-F858A35FDFCE}.Release|Any CPU.ActiveCfg = Release|Any CPU
		{41FB3C98-FEDA-4794-9D90-F858A35FDFCE}.Release|Any CPU.Build.0 = Release|Any CPU
	EndGlobalSection
	GlobalSection(SolutionProperties) = preSolution
		HideSolutionNode = FALSE
	EndGlobalSection
	GlobalSection(ExtensibilityGlobals) = postSolution
		SolutionGuid = {C2ADF259-A8B7-455A-9D4B-C5E2771AAF1F}
	EndGlobalSection
EndGlobal
